<?xml version="1.0" encoding="utf-8"?>
<Project ToolsVersion="4.0" xmlns="http://schemas.microsoft.com/developer/msbuild/2003">
  <ItemGroup>
    <Filter Include="Source Files">
      <UniqueIdentifier>{4FC737F1-C7A5-4376-A066-2A32D752A2FF}</UniqueIdentifier>
      <Extensions>cpp;c;cc;cxx;c++;def;odl;idl;hpj;bat;asm;asmx</Extensions>
    </Filter>
    <Filter Include="Header Files">
      <UniqueIdentifier>{93995380-89BD-4b04-88EB-625FBE52EBFB}</UniqueIdentifier>
      <Extensions>h;hh;hpp;hxx;h++;hm;inl;inc;ipp;xsd</Extensions>
    </Filter>
    <Filter Include="Resource Files">
      <UniqueIdentifier>{67DA6AB6-F800-4c08-8B7A-83BB121AAD01}</UniqueIdentifier>
      <Extensions>rc;ico;cur;bmp;dlg;rc2;rct;bin;rgs;gif;jpg;jpeg;jpe;resx;tiff;tif;png;wav;mfcribbon-ms</Extensions>
    </Filter>
    <Filter Include="Source Files\Lexer Files">
      <UniqueIdentifier>{9c430b1f-e8b6-467f-9e15-09b45ce0cca1}</UniqueIdentifier>
    </Filter>
    <Filter Include="Source Files\Parser Files">
      <UniqueIdentifier>{a86edff2-3b93-4939-aab9-e13df4e628e5}</UniqueIdentifier>
    </Filter>
  </ItemGroup>
  <ItemGroup>
    <ClCompile Include="CSDataLogInterpreter.cpp">
      <Filter>Source Files</Filter>
    </ClCompile>
    <ClCompile Include="BlockCommentAutomaton.cpp">
      <Filter>Source Files\Lexer Files</Filter>
    </ClCompile>
    <ClCompile Include="ErrorAutomaton.cpp">
      <Filter>Source Files\Lexer Files</Filter>
    </ClCompile>
    <ClCompile Include="IDAutomaton.cpp">
      <Filter>Source Files\Lexer Files</Filter>
    </ClCompile>
    <ClCompile Include="Lexer.cpp">
      <Filter>Source Files\Lexer Files</Filter>
    </ClCompile>
    <ClCompile Include="LineCommentAutomaton.cpp">
      <Filter>Source Files\Lexer Files</Filter>
    </ClCompile>
    <ClCompile Include="MSAutomaton.cpp">
      <Filter>Source Files\Lexer Files</Filter>
    </ClCompile>
    <ClCompile Include="SSAutomaton.cpp">
      <Filter>Source Files\Lexer Files</Filter>
    </ClCompile>
    <ClCompile Include="StringAutomaton.cpp">
      <Filter>Source Files\Lexer Files</Filter>
    </ClCompile>
    <ClCompile Include="Token.cpp">
      <Filter>Source Files\Lexer Files</Filter>
    </ClCompile>
    <ClCompile Include="Rule.cpp">
      <Filter>Source Files\Parser Files</Filter>
    </ClCompile>
    <ClCompile Include="Predicate.cpp">
      <Filter>Source Files\Parser Files</Filter>
    </ClCompile>
    <ClCompile Include="PlainParameter.cpp">
      <Filter>Source Files\Parser Files</Filter>
    </ClCompile>
    <ClCompile Include="Parser.cpp">
      <Filter>Source Files\Parser Files</Filter>
    </ClCompile>
    <ClCompile Include="Expression.cpp">
      <Filter>Source Files\Parser Files</Filter>
    </ClCompile>
    <ClCompile Include="DataLogProgram.cpp">
      <Filter>Source Files\Parser Files</Filter>
    </ClCompile>
    <ClCompile Include="Tuple.cpp">
      <Filter>Source Files</Filter>
    </ClCompile>
    <ClCompile Include="Header.cpp">
      <Filter>Source Files</Filter>
    </ClCompile>
    <ClCompile Include="Relation.cpp">
      <Filter>Source Files</Filter>
    </ClCompile>
    <ClCompile Include="Database.cpp">
      <Filter>Source Files</Filter>
    </ClCompile>
    <ClCompile Include="Interpreter.cpp">
      <Filter>Source Files</Filter>
    </ClCompile>
    <ClCompile Include="Graph.cpp">
      <Filter>Source Files</Filter>
    </ClCompile>
  </ItemGroup>
  <ItemGroup>
    <ClInclude Include="Automaton.h">
      <Filter>Source Files\Lexer Files</Filter>
    </ClInclude>
    <ClInclude Include="AutoList.h">
      <Filter>Source Files\Lexer Files</Filter>
    </ClInclude>
    <ClInclude Include="BlockCommentAutomaton.h">
      <Filter>Source Files\Lexer Files</Filter>
    </ClInclude>
    <ClInclude Include="ErrorAutomaton.h">
      <Filter>Source Files\Lexer Files</Filter>
    </ClInclude>
    <ClInclude Include="IDAutomaton.h">
      <Filter>Source Files\Lexer Files</Filter>
    </ClInclude>
    <ClInclude Include="Lexer.h">
      <Filter>Source Files\Lexer Files</Filter>
    </ClInclude>
    <ClInclude Include="LineCommentAutomaton.h">
      <Filter>Source Files\Lexer Files</Filter>
    </ClInclude>
    <ClInclude Include="MSAutomaton.h">
      <Filter>Source Files\Lexer Files</Filter>
    </ClInclude>
    <ClInclude Include="SSAutomaton.h">
      <Filter>Source Files\Lexer Files</Filter>
    </ClInclude>
    <ClInclude Include="StringAutomaton.h">
      <Filter>Source Files\Lexer Files</Filter>
    </ClInclude>
    <ClInclude Include="Token.h">
      <Filter>Source Files\Lexer Files</Filter>
    </ClInclude>
    <ClInclude Include="TokenType.h">
      <Filter>Source Files\Lexer Files</Filter>
    </ClInclude>
    <ClInclude Include="DataLogProgram.h">
      <Filter>Source Files</Filter>
    </ClInclude>
    <ClInclude Include="Parser.h">
      <Filter>Source Files\Parser Files</Filter>
    </ClInclude>
    <ClInclude Include="Tuple.h">
      <Filter>Source Files</Filter>
    </ClInclude>
    <ClInclude Include="DataLogTypes.h">
      <Filter>Source Files</Filter>
    </ClInclude>
    <ClInclude Include="Header.h">
      <Filter>Source Files</Filter>
    </ClInclude>
    <ClInclude Include="Relation.h">
      <Filter>Source Files</Filter>
    </ClInclude>
    <ClInclude Include="Rule.h">
      <Filter>Source Files\Parser Files</Filter>
    </ClInclude>
    <ClInclude Include="Predicate.h">
      <Filter>Source Files\Parser Files</Filter>
    </ClInclude>
    <ClInclude Include="PlainParameter.h">
      <Filter>Source Files\Parser Files</Filter>
    </ClInclude>
    <ClInclude Include="ParserDataStructures.h">
      <Filter>Source Files\Parser Files</Filter>
    </ClInclude>
    <ClInclude Include="Parameter.h">
      <Filter>Source Files\Parser Files</Filter>
    </ClInclude>
    <ClInclude Include="Expression.h">
      <Filter>Source Files\Parser Files</Filter>
    </ClInclude>
    <ClInclude Include="Database.h">
      <Filter>Source Files</Filter>
    </ClInclude>
    <ClInclude Include="Interpreter.h">
      <Filter>Source Files</Filter>
    </ClInclude>
    <ClInclude Include="Graph.h">
      <Filter>Source Files</Filter>
    </ClInclude>
  </ItemGroup>
  <ItemGroup>
    <Text Include="input.txt">
      <Filter>Source Files</Filter>
    </Text>
  </ItemGroup>
</Project>